
Microsoft Visual Studio Solution File, Format Version 12.00
# Visual Studio Version 17
VisualStudioVersion = 17.14.36930.0 d17.14
MinimumVisualStudioVersion = 10.0.40219.1
Project("{FAE04EC0-301F-11D3-BF4B-00C04F79EFBC}") = "ThePerfectLanguage", "ThePerfectLanguage.csproj", "{A0E2A67E-EB6B-4FF8-B10E-62CA07A0D3FF}"
EndProject
Global
	GlobalSection(SolutionConfigurationPlatforms) = preSolution
		Debug|Any CPU = Debug|Any CPU
		Release|Any CPU = Release|Any CPU
	EndGlobalSection
	GlobalSection(ProjectConfigurationPlatforms) = postSolution
		{A0E2A67E-EB6B-4FF8-B10E-62CA07A0D3FF}.Debug|Any CPU.ActiveCfg = Debug|Any CPU
		{A0E2A67E-EB6B-4FF8-B10E-62CA07A0D3FF}.Debug|Any CPU.Build.0 = Debug|Any CPU
		{A0E2A67E-EB6B-4FF8-B10E-62CA07A0D3FF}.Release|Any CPU.ActiveCfg = Release|Any CPU
		{A0E2A67E-EB6B-4FF8-B10E-62CA07A0D3FF}.Release|Any CPU.Build.0 = Release|Any CPU
	EndGlobalSection
	GlobalSection(SolutionProperties) = preSolution
		HideSolutionNode = FALSE
	EndGlobalSection
	GlobalSection(ExtensibilityGlobals) = postSolution
		SolutionGuid = {6356C178-5FAC-43A5-9F7E-BF68B4123457}
	EndGlobalSection
EndGlobal
